// !$*UTF8*$!
{
	archiveVersion = 1;
	classes = {
	};
	objectVersion = 56;
	objects = {

/* Begin PBXBuildFile section */
		CD000002000000000000001A /* App.swift in Sources */ = {isa = PBXBuildFile; fileRef = CD000001000000000000001A /* App.swift */; };
		CD000002000000000000002A /* AppState.swift in Sources */ = {isa = PBXBuildFile; fileRef = CD000001000000000000002A /* AppState.swift */; };
		CD000002000000000000003A /* ContentView.swift in Sources */ = {isa = PBXBuildFile; fileRef = CD000001000000000000003A /* ContentView.swift */; };
		CD000002000000000000004A /* MIDIEngine.swift in Sources */ = {isa = PBXBuildFile; fileRef = CD000001000000000000004A /* MIDIEngine.swift */; };
		CD000002000000000000005A /* AudioEngine.swift in Sources */ = {isa = PBXBuildFile; fileRef = CD000001000000000000005A /* AudioEngine.swift */; };
		CD000002000000000000006A /* ChordDetector.swift in Sources */ = {isa = PBXBuildFile; fileRef = CD000001000000000000006A /* ChordDetector.swift */; };
		CD000002000000000000007A /* KeyboardView.swift in Sources */ = {isa = PBXBuildFile; fileRef = CD000001000000000000007A /* KeyboardView.swift */; };
		CD000002000000000000020A /* CoreMIDI.framework in Frameworks */ = {isa = PBXBuildFile; fileRef = CD000001000000000000020A /* CoreMIDI.framework */; };
		CD000002000000000000021A /* AVFoundation.framework in Frameworks */ = {isa = PBXBuildFile; fileRef = CD000001000000000000021A /* AVFoundation.framework */; };
		CD000002000000000000022A /* AudioToolbox.framework in Frameworks */ = {isa = PBXBuildFile; fileRef = CD000001000000000000022A /* AudioToolbox.framework */; };
/* End PBXBuildFile section */

/* Begin PBXFileReference section */
		CD000001000000000000001A /* App.swift */ = {isa = PBXFileReference; lastKnownFileType = sourcecode.swift; path = App.swift; sourceTree = "<group>"; };
		CD000001000000000000002A /* AppState.swift */ = {isa = PBXFileReference; lastKnownFileType = sourcecode.swift; path = AppState.swift; sourceTree = "<group>"; };
		CD000001000000000000003A /* ContentView.swift */ = {isa = PBXFileReference; lastKnownFileType = sourcecode.swift; path = ContentView.swift; sourceTree = "<group>"; };
		CD000001000000000000004A /* MIDIEngine.swift */ = {isa = PBXFileReference; lastKnownFileType = sourcecode.swift; path = MIDIEngine.swift; sourceTree = "<group>"; };
		CD000001000000000000005A /* AudioEngine.swift */ = {isa = PBXFileReference; lastKnownFileType = sourcecode.swift; path = AudioEngine.swift; sourceTree = "<group>"; };
		CD000001000000000000006A /* ChordDetector.swift */ = {isa = PBXFileReference; lastKnownFileType = sourcecode.swift; path = ChordDetector.swift; sourceTree = "<group>"; };
		CD000001000000000000007A /* KeyboardView.swift */ = {isa = PBXFileReference; lastKnownFileType = sourcecode.swift; path = KeyboardView.swift; sourceTree = "<group>"; };
		CD000001000000000000008A /* Info.plist */ = {isa = PBXFileReference; lastKnownFileType = text.plist.xml; path = Info.plist; sourceTree = "<group>"; };
		CD000001000000000000009A /* ChordDetector.entitlements */ = {isa = PBXFileReference; lastKnownFileType = text.plist.entitlements; path = ChordDetector.entitlements; sourceTree = "<group>"; };
		CD00000100000000000000EE /* ChordDetector.app */ = {isa = PBXFileReference; explicitFileType = wrapper.application; includeInIndex = 0; path = ChordDetector.app; sourceTree = BUILT_PRODUCTS_DIR; };
		CD000001000000000000020A /* CoreMIDI.framework */ = {isa = PBXFileReference; lastKnownFileType = wrapper.framework; name = CoreMIDI.framework; path = System/Library/Frameworks/CoreMIDI.framework; sourceTree = SDKROOT; };
		CD000001000000000000021A /* AVFoundation.framework */ = {isa = PBXFileReference; lastKnownFileType = wrapper.framework; name = AVFoundation.framework; path = System/Library/Frameworks/AVFoundation.framework; sourceTree = SDKROOT; };
		CD000001000000000000022A /* AudioToolbox.framework */ = {isa = PBXFileReference; lastKnownFileType = wrapper.framework; name = AudioToolbox.framework; path = System/Library/Frameworks/AudioToolbox.framework; sourceTree = SDKROOT; };
/* End PBXFileReference section */

/* Begin PBXFrameworksBuildPhase section */
		CD000000000000000000000F /* Frameworks */ = {
			isa = PBXFrameworksBuildPhase;
			buildActionMask = 2147483647;
			files = (
				CD000002000000000000020A /* CoreMIDI.framework in Frameworks */,
				CD000002000000000000021A /* AVFoundation.framework in Frameworks */,
				CD000002000000000000022A /* AudioToolbox.framework in Frameworks */,
			);
			runOnlyForDeploymentPostprocessing = 0;
		};
/* End PBXFrameworksBuildPhase section */

/* Begin PBXGroup section */
		CD000000000000000000000B /* MainGroup */ = {
			isa = PBXGroup;
			children = (
				CD000000000000000000000D /* Sources */,
				CD000000000000000000000C /* Frameworks */,
				CD000000000000000000000A /* Products */,
			);
			sourceTree = "<group>";
		};
		CD000000000000000000000A /* Products */ = {
			isa = PBXGroup;
			children = (
				CD00000100000000000000EE /* ChordDetector.app */,
			);
			name = Products;
			sourceTree = "<group>";
		};
		CD000000000000000000000C /* Frameworks */ = {
			isa = PBXGroup;
			children = (
				CD000001000000000000020A /* CoreMIDI.framework */,
				CD000001000000000000021A /* AVFoundation.framework */,
				CD000001000000000000022A /* AudioToolbox.framework */,
			);
			name = Frameworks;
			sourceTree = "<group>";
		};
		CD000000000000000000000D /* Sources */ = {
			isa = PBXGroup;
			children = (
				CD000001000000000000001A /* App.swift */,
				CD000001000000000000002A /* AppState.swift */,
				CD000001000000000000003A /* ContentView.swift */,
				CD000001000000000000004A /* MIDIEngine.swift */,
				CD000001000000000000005A /* AudioEngine.swift */,
				CD000001000000000000006A /* ChordDetector.swift */,
				CD000001000000000000007A /* KeyboardView.swift */,
				CD000001000000000000008A /* Info.plist */,
				CD000001000000000000009A /* ChordDetector.entitlements */,
			);
			path = ChordDetector;
			sourceTree = "<group>";
		};
/* End PBXGroup section */

/* Begin PBXNativeTarget section */
		CD000000000000000000000E /* ChordDetector */ = {
			isa = PBXNativeTarget;
			buildConfigurationList = CD000000000000000000001C /* Build configuration list for PBXNativeTarget "ChordDetector" */;
			buildPhases = (
				CD000000000000000000000F /* Frameworks */,
				CD0000000000000000000010 /* Sources */,
				CD0000000000000000000011 /* Resources */,
			);
			buildRules = (
			);
			dependencies = (
			);
			name = ChordDetector;
			productName = ChordDetector;
			productReference = CD00000100000000000000EE /* ChordDetector.app */;
			productType = "com.apple.product-type.application";
		};
/* End PBXNativeTarget section */

/* Begin PBXProject section */
		CD000000000000000000000001 /* Project object */ = {
			isa = PBXProject;
			attributes = {
				BuildIndependentTargetsInParallel = 1;
				LastSwiftUpdateCheck = 1500;
				LastUpgradeCheck = 1500;
				TargetAttributes = {
					CD000000000000000000000E = {
						CreatedOnToolsVersion = 15.0;
					};
				};
			};
			buildConfigurationList = CD000000000000000000001B /* Build configuration list for PBXProject "ChordDetector" */;
			compatibilityVersion = "Xcode 14.0";
			developmentRegion = en;
			hasScannedForEncodings = 0;
			knownRegions = (
				en,
				Base,
			);
			mainGroup = CD000000000000000000000B /* MainGroup */;
			productRefGroup = CD000000000000000000000A /* Products */;
			projectDirPath = "";
			projectRoot = "";
			targets = (
				CD000000000000000000000E /* ChordDetector */,
			);
		};
/* End PBXProject section */

/* Begin PBXResourcesBuildPhase section */
		CD0000000000000000000011 /* Resources */ = {
			isa = PBXResourcesBuildPhase;
			buildActionMask = 2147483647;
			files = (
			);
			runOnlyForDeploymentPostprocessing = 0;
		};
/* End PBXResourcesBuildPhase section */

/* Begin PBXSourcesBuildPhase section */
		CD0000000000000000000010 /* Sources */ = {
			isa = PBXSourcesBuildPhase;
			buildActionMask = 2147483647;
			files = (
				CD000002000000000000001A /* App.swift in Sources */,
				CD000002000000000000002A /* AppState.swift in Sources */,
				CD000002000000000000003A /* ContentView.swift in Sources */,
				CD000002000000000000004A /* MIDIEngine.swift in Sources */,
				CD000002000000000000005A /* AudioEngine.swift in Sources */,
				CD000002000000000000006A /* ChordDetector.swift in Sources */,
				CD000002000000000000007A /* KeyboardView.swift in Sources */,
			);
			runOnlyForDeploymentPostprocessing = 0;
		};
/* End PBXSourcesBuildPhase section */

/* Begin XCBuildConfiguration section */
		CD0000000000000000000012 /* Debug */ = {
			isa = XCBuildConfiguration;
			buildSettings = {
				ALWAYS_SEARCH_USER_PATHS = NO;
				CLANG_ANALYZER_NONNULL = YES;
				CLANG_ANALYZER_NUMBER_OBJECT_CONVERSION = YES_AGGRESSIVE;
				CLANG_CXX_LANGUAGE_STANDARD = "gnu++20";
				CLANG_ENABLE_MODULES = YES;
				CLANG_ENABLE_OBJC_ARC = YES;
				CLANG_WARN_BLOCK_CAPTURE_AUTORELEASING = YES;
				CLANG_WARN_BOOL_CONVERSION = YES;
				CLANG_WARN_COMMA = YES;
				CLANG_WARN_CONSTANT_CONVERSION = YES;
				CLANG_WARN_DEPRECATED_OBJC_IMPLEMENTATIONS = YES;
				CLANG_WARN_DIRECT_OBJC_ISA_USAGE = YES_ERROR;
				CLANG_WARN_DOCUMENTATION_COMMENTS = YES;
				CLANG_WARN_EMPTY_BODY = YES;
				CLANG_WARN_ENUM_CONVERSION = YES;
				CLANG_WARN_INFINITE_RECURSION = YES;
				CLANG_WARN_INT_CONVERSION = YES;
				CLANG_WARN_NON_LITERAL_NULL_CONVERSION = YES;
				CLANG_WARN_OBJC_IMPLICIT_RETAIN_CYCLE = YES;
				CLANG_WARN_OBJC_LITERAL_CONVERSION = YES;
				CLANG_WARN_OBJC_ROOT_CLASS = YES_ERROR;
				CLANG_WARN_QUOTED_INCLUDE_IN_FRAMEWORK_HEADER = YES;
				CLANG_WARN_RANGE_LOOP_ANALYSIS = YES;
				CLANG_WARN_STRICT_PROTOTYPES = YES;
				CLANG_WARN_SUSPICIOUS_MOVE = YES;
				CLANG_WARN_UNGUARDED_AVAILABILITY = YES_AGGRESSIVE;
				CLANG_WARN_UNREACHABLE_CODE = YES;
				CLANG_WARN__DUPLICATE_METHOD_MATCH = YES;
				COPY_PHASE_STRIP = NO;
				DEBUG_INFORMATION_FORMAT = dwarf;
				ENABLE_STRICT_OBJC_MSGSEND = YES;
				ENABLE_TESTABILITY = YES;
				GCC_C_LANGUAGE_STANDARD = gnu17;
				GCC_DYNAMIC_NO_PIC = NO;
				GCC_NO_COMMON_BLOCKS = YES;
				GCC_OPTIMIZATION_LEVEL = 0;
				GCC_PREPROCESSOR_DEFINITIONS = (
					"DEBUG=1",
					"$(inherited)",
				);
				GCC_WARN_64_TO_32_BIT_CONVERSION = YES;
				GCC_WARN_ABOUT_RETURN_TYPE = YES_ERROR;
				GCC_WARN_UNDECLARED_SELECTOR = YES;
				GCC_WARN_UNINITIALIZED_AUTOS = YES_AGGRESSIVE;
				GCC_WARN_UNUSED_FUNCTION = YES;
				GCC_WARN_UNUSED_VARIABLE = YES;
				MACOSX_DEPLOYMENT_TARGET = 13.0;
				MTL_ENABLE_DEBUG_INFO = INCLUDE_SOURCE;
				MTL_FAST_MATH = YES;
				ONLY_ACTIVE_ARCH = YES;
				SDKROOT = macosx;
				SWIFT_ACTIVE_COMPILATION_CONDITIONS = DEBUG;
				SWIFT_OPTIMIZATION_LEVEL = "-Onone";
			};
			name = Debug;
		};
		CD0000000000000000000013 /* Release */ = {
			isa = XCBuildConfiguration;
			buildSettings = {
				ALWAYS_SEARCH_USER_PATHS = NO;
				CLANG_ANALYZER_NONNULL = YES;
				CLANG_CXX_LANGUAGE_STANDARD = "gnu++20";
				CLANG_ENABLE_MODULES = YES;
				CLANG_ENABLE_OBJC_ARC = YES;
				CLANG_WARN_BLOCK_CAPTURE_AUTORELEASING = YES;
				CLANG_WARN_BOOL_CONVERSION = YES;
				CLANG_WARN_COMMA = YES;
				CLANG_WARN_CONSTANT_CONVERSION = YES;
				CLANG_WARN_DEPRECATED_OBJC_IMPLEMENTATIONS = YES;
				CLANG_WARN_DIRECT_OBJC_ISA_USAGE = YES_ERROR;
				CLANG_WARN_DOCUMENTATION_COMMENTS = YES;
				CLANG_WARN_EMPTY_BODY = YES;
				CLANG_WARN_ENUM_CONVERSION = YES;
				CLANG_WARN_INFINITE_RECURSION = YES;
				CLANG_WARN_INT_CONVERSION = YES;
				CLANG_WARN_NON_LITERAL_NULL_CONVERSION = YES;
				CLANG_WARN_OBJC_IMPLICIT_RETAIN_CYCLE = YES;
				CLANG_WARN_OBJC_LITERAL_CONVERSION = YES;
				CLANG_WARN_OBJC_ROOT_CLASS = YES_ERROR;
				CLANG_WARN_QUOTED_INCLUDE_IN_FRAMEWORK_HEADER = YES;
				CLANG_WARN_RANGE_LOOP_ANALYSIS = YES;
				CLANG_WARN_STRICT_PROTOTYPES = YES;
				CLANG_WARN_SUSPICIOUS_MOVE = YES;
				CLANG_WARN_UNGUARDED_AVAILABILITY = YES_AGGRESSIVE;
				CLANG_WARN_UNREACHABLE_CODE = YES;
				CLANG_WARN__DUPLICATE_METHOD_MATCH = YES;
				COPY_PHASE_STRIP = NO;
				DEBUG_INFORMATION_FORMAT = "dwarf-with-dsym";
				ENABLE_NS_ASSERTIONS = NO;
				ENABLE_STRICT_OBJC_MSGSEND = YES;
				GCC_C_LANGUAGE_STANDARD = gnu17;
				GCC_NO_COMMON_BLOCKS = YES;
				GCC_WARN_64_TO_32_BIT_CONVERSION = YES;
				GCC_WARN_ABOUT_RETURN_TYPE = YES_ERROR;
				GCC_WARN_UNDECLARED_SELECTOR = YES;
				GCC_WARN_UNINITIALIZED_AUTOS = YES_AGGRESSIVE;
				GCC_WARN_UNUSED_FUNCTION = YES;
				GCC_WARN_UNUSED_VARIABLE = YES;
				MACOSX_DEPLOYMENT_TARGET = 13.0;
				MTL_FAST_MATH = YES;
				SDKROOT = macosx;
				SWIFT_COMPILATION_MODE = wholemodule;
				SWIFT_OPTIMIZATION_LEVEL = "-O";
			};
			name = Release;
		};
		CD0000000000000000000014 /* Debug */ = {
			isa = XCBuildConfiguration;
			buildSettings = {
				ASSETCATALOG_COMPILER_APPICON_NAME = AppIcon;
				CODE_SIGN_ENTITLEMENTS = ChordDetector/ChordDetector.entitlements;
				CODE_SIGN_STYLE = Automatic;
				COMBINE_HIDPI_IMAGES = YES;
				INFOPLIST_FILE = ChordDetector/Info.plist;
				LD_RUNPATH_SEARCH_PATHS = (
					"$(inherited)",
					"@executable_path/../Frameworks",
				);
				PRODUCT_BUNDLE_IDENTIFIER = com.hobby.chorddetector;
				PRODUCT_NAME = "$(TARGET_NAME)";
				SWIFT_EMIT_LOC_STRINGS = YES;
				SWIFT_VERSION = 5.0;
			};
			name = Debug;
		};
		CD0000000000000000000015 /* Release */ = {
			isa = XCBuildConfiguration;
			buildSettings = {
				ASSETCATALOG_COMPILER_APPICON_NAME = AppIcon;
				CODE_SIGN_ENTITLEMENTS = ChordDetector/ChordDetector.entitlements;
				CODE_SIGN_STYLE = Automatic;
				COMBINE_HIDPI_IMAGES = YES;
				INFOPLIST_FILE = ChordDetector/Info.plist;
				LD_RUNPATH_SEARCH_PATHS = (
					"$(inherited)",
					"@executable_path/../Frameworks",
				);
				PRODUCT_BUNDLE_IDENTIFIER = com.hobby.chorddetector;
				PRODUCT_NAME = "$(TARGET_NAME)";
				SWIFT_EMIT_LOC_STRINGS = YES;
				SWIFT_VERSION = 5.0;
			};
			name = Release;
		};
/* End XCBuildConfiguration section */

/* Begin XCConfigurationList section */
		CD000000000000000000001B /* Build configuration list for PBXProject "ChordDetector" */ = {
			isa = XCConfigurationList;
			buildConfigurations = (
				CD0000000000000000000012 /* Debug */,
				CD0000000000000000000013 /* Release */,
			);
			defaultConfigurationIsVisible = 0;
			defaultConfigurationName = Release;
		};
		CD000000000000000000001C /* Build configuration list for PBXNativeTarget "ChordDetector" */ = {
			isa = XCConfigurationList;
			buildConfigurations = (
				CD0000000000000000000014 /* Debug */,
				CD0000000000000000000015 /* Release */,
			);
			defaultConfigurationIsVisible = 0;
			defaultConfigurationName = Release;
		};
/* End XCConfigurationList section */

	};
	rootObject = CD000000000000000000000001 /* Project object */;
}
